
Microsoft Visual Studio Solution File, Format Version 12.00
# Visual Studio 15
VisualStudioVersion = 15.0.27130.2027
MinimumVisualStudioVersion = 10.0.40219.1
Project("{FAE04EC0-301F-11D3-BF4B-00C04F79EFBC}") = "Money.Unifi", "Money.Unifi\Money.Unifi.csproj", "{DB6B5549-E8B2-43C1-A46C-759AF53D78CE}"
EndProject
Project("{2150E333-8FDC-42A3-9474-1A3956D46DE8}") = "Solution Items", "Solution Items", "{84B65841-C64C-406A-B850-2D4CE901BECB}"
	ProjectSection(SolutionItems) = preProject
		..\License.txt = ..\License.txt
		Money.Unifi\Money.Unifi.nuspec = Money.Unifi\Money.Unifi.nuspec
		..\README.md = ..\README.md
	EndProjectSection
EndProject
Global
	GlobalSection(SolutionConfigurationPlatforms) = preSolution
		Debug|Any CPU = Debug|Any CPU
		Release|Any CPU = Release|Any CPU
	EndGlobalSection
	GlobalSection(ProjectConfigurationPlatforms) = postSolution
		{DB6B5549-E8B2-43C1-A46C-759AF53D78CE}.Debug|Any CPU.ActiveCfg = Debug|Any CPU
		{DB6B5549-E8B2-43C1-A46C-759AF53D78CE}.Debug|Any CPU.Build.0 = Debug|Any CPU
		{DB6B5549-E8B2-43C1-A46C-759AF53D78CE}.Release|Any CPU.ActiveCfg = Release|Any CPU
		{DB6B5549-E8B2-43C1-A46C-759AF53D78CE}.Release|Any CPU.Build.0 = Release|Any CPU
	EndGlobalSection
	GlobalSection(SolutionProperties) = preSolution
		HideSolutionNode = FALSE
	EndGlobalSection
	GlobalSection(ExtensibilityGlobals) = postSolution
		SolutionGuid = {7E01FA2B-BAA4-4801-BB00-E88236A3E98D}
	EndGlobalSection
EndGlobal
